{
  "nodes": {
    "factorio-headless-src": {
      "flake": false,
      "locked": {
        "lastModified": 1729449905,
        "narHash": "sha256-C3Sx4YHVDt9+ZFDY/u/+0KDzzXjOyvpzU4s1pzoGXv0=",
        "type": "tarball",
        "url": "https://www.factorio.com/get-download/stable/headless/linux64"
      },
      "original": {
        "type": "tarball",
        "url": "https://www.factorio.com/get-download/stable/headless/linux64"
      }
    },
    "nixpkgs": {
      "locked": {
        "lastModified": 1729509625,
        "narHash": "sha256-dQ85bJURM14+LCkCUHG+ANoDHzSkEPg3dLQ5tUlnRD0=",
        "owner": "nixos",
        "repo": "nixpkgs",
        "rev": "64b2308de14a14ed70e1133f59abe42b3b6e980a",
        "type": "github"
      },
      "original": {
        "owner": "nixos",
        "repo": "nixpkgs",
        "type": "github"
      }
    },
    "root": {
      "inputs": {
        "factorio-headless-src": "factorio-headless-src",
        "nixpkgs": "nixpkgs"
      }
    }
  },
  "root": "root",
  "version": 7
}
