{
  "nodes": {
    "factorio-headless-src": {
      "flake": false,
      "locked": {
        "lastModified": 1729623410,
        "narHash": "sha256-0P73++nWA5unPlbI59CSpWjl2pVw47HNl2RneHZMIFU=",
        "type": "tarball",
        "url": "https://factorio.com/get-download/2.0.8/headless/linux64"
      },
      "original": {
        "type": "tarball",
        "url": "https://factorio.com/get-download/2.0.8/headless/linux64"
      }
    },
    "nixpkgs": {
      "locked": {
        "lastModified": 1729622246,
        "narHash": "sha256-SUNZFN/B57S+aNAc/VYIZ0kcw38kt1NBIe3SMhz0GSY=",
        "owner": "nixos",
        "repo": "nixpkgs",
        "rev": "da62a01cf93c85935a44fb63dac3802bded0a954",
        "type": "github"
      },
      "original": {
        "owner": "nixos",
        "repo": "nixpkgs",
        "type": "github"
      }
    },
    "root": {
      "inputs": {
        "factorio-headless-src": "factorio-headless-src",
        "nixpkgs": "nixpkgs"
      }
    }
  },
  "root": "root",
  "version": 7
}
